
Microsoft Visual Studio Solution File, Format Version 12.00
# Visual Studio Version 17
VisualStudioVersion = 17.5.002.0
MinimumVisualStudioVersion = 10.0.40219.1
Project("{9A19103F-16F7-4668-BE54-9A1E7A4F7556}") = "Ap2Biblioteca", "Ap2Biblioteca.csproj", "{5A04BF18-308E-4E20-A1ED-F30A201CCD47}"
EndProject
Global
	GlobalSection(SolutionConfigurationPlatforms) = preSolution
		Debug|Any CPU = Debug|Any CPU
		Release|Any CPU = Release|Any CPU
	EndGlobalSection
	GlobalSection(ProjectConfigurationPlatforms) = postSolution
		{5A04BF18-308E-4E20-A1ED-F30A201CCD47}.Debug|Any CPU.ActiveCfg = Debug|Any CPU
		{5A04BF18-308E-4E20-A1ED-F30A201CCD47}.Debug|Any CPU.Build.0 = Debug|Any CPU
		{5A04BF18-308E-4E20-A1ED-F30A201CCD47}.Release|Any CPU.ActiveCfg = Release|Any CPU
		{5A04BF18-308E-4E20-A1ED-F30A201CCD47}.Release|Any CPU.Build.0 = Release|Any CPU
	EndGlobalSection
	GlobalSection(SolutionProperties) = preSolution
		HideSolutionNode = FALSE
	EndGlobalSection
	GlobalSection(ExtensibilityGlobals) = postSolution
		SolutionGuid = {48E52E99-8701-428B-B2BB-DC249CAB4DEA}
	EndGlobalSection
EndGlobal
